
Microsoft Visual Studio Solution File, Format Version 12.00
# Visual Studio Version 17
VisualStudioVersion = 17.4.34302.79
MinimumVisualStudioVersion = 10.0.40219.1
Project("{FAE04EC0-301F-11D3-BF4B-00C04F79EFBC}") = "homework5", "homework5\homework5.csproj", "{36EA4579-56E2-4C9B-9116-3B87C1B01019}"
EndProject
Global
	GlobalSection(SolutionConfigurationPlatforms) = preSolution
		Debug|Any CPU = Debug|Any CPU
		Release|Any CPU = Release|Any CPU
	EndGlobalSection
	GlobalSection(ProjectConfigurationPlatforms) = postSolution
		{36EA4579-56E2-4C9B-9116-3B87C1B01019}.Debug|Any CPU.ActiveCfg = Debug|Any CPU
		{36EA4579-56E2-4C9B-9116-3B87C1B01019}.Debug|Any CPU.Build.0 = Debug|Any CPU
		{36EA4579-56E2-4C9B-9116-3B87C1B01019}.Release|Any CPU.ActiveCfg = Release|Any CPU
		{36EA4579-56E2-4C9B-9116-3B87C1B01019}.Release|Any CPU.Build.0 = Release|Any CPU
	EndGlobalSection
	GlobalSection(SolutionProperties) = preSolution
		HideSolutionNode = FALSE
	EndGlobalSection
	GlobalSection(ExtensibilityGlobals) = postSolution
		SolutionGuid = {E14F627E-54CF-422B-BF1F-54216CCC0709}
	EndGlobalSection
EndGlobal
