
Microsoft Visual Studio Solution File, Format Version 12.00
# Visual Studio Version 17
VisualStudioVersion = 17.4.34302.79
MinimumVisualStudioVersion = 10.0.40219.1
Project("{FAE04EC0-301F-11D3-BF4B-00C04F79EFBC}") = "homework7", "homework7\homework7.csproj", "{B96FC6F6-D5D1-487A-9718-93B08A3928E4}"
EndProject
Global
	GlobalSection(SolutionConfigurationPlatforms) = preSolution
		Debug|Any CPU = Debug|Any CPU
		Release|Any CPU = Release|Any CPU
	EndGlobalSection
	GlobalSection(ProjectConfigurationPlatforms) = postSolution
		{B96FC6F6-D5D1-487A-9718-93B08A3928E4}.Debug|Any CPU.ActiveCfg = Debug|Any CPU
		{B96FC6F6-D5D1-487A-9718-93B08A3928E4}.Debug|Any CPU.Build.0 = Debug|Any CPU
		{B96FC6F6-D5D1-487A-9718-93B08A3928E4}.Release|Any CPU.ActiveCfg = Release|Any CPU
		{B96FC6F6-D5D1-487A-9718-93B08A3928E4}.Release|Any CPU.Build.0 = Release|Any CPU
	EndGlobalSection
	GlobalSection(SolutionProperties) = preSolution
		HideSolutionNode = FALSE
	EndGlobalSection
	GlobalSection(ExtensibilityGlobals) = postSolution
		SolutionGuid = {2272F378-3E16-4645-B6F1-11781D287DB4}
	EndGlobalSection
EndGlobal
