
Microsoft Visual Studio Solution File, Format Version 12.00
# Visual Studio Version 17
VisualStudioVersion = 17.4.34302.79
MinimumVisualStudioVersion = 10.0.40219.1
Project("{FAE04EC0-301F-11D3-BF4B-00C04F79EFBC}") = "module", "module\module.csproj", "{539D6723-1054-48D6-B36E-EE01000E706E}"
EndProject
Global
	GlobalSection(SolutionConfigurationPlatforms) = preSolution
		Debug|Any CPU = Debug|Any CPU
		Release|Any CPU = Release|Any CPU
	EndGlobalSection
	GlobalSection(ProjectConfigurationPlatforms) = postSolution
		{539D6723-1054-48D6-B36E-EE01000E706E}.Debug|Any CPU.ActiveCfg = Debug|Any CPU
		{539D6723-1054-48D6-B36E-EE01000E706E}.Debug|Any CPU.Build.0 = Debug|Any CPU
		{539D6723-1054-48D6-B36E-EE01000E706E}.Release|Any CPU.ActiveCfg = Release|Any CPU
		{539D6723-1054-48D6-B36E-EE01000E706E}.Release|Any CPU.Build.0 = Release|Any CPU
	EndGlobalSection
	GlobalSection(SolutionProperties) = preSolution
		HideSolutionNode = FALSE
	EndGlobalSection
	GlobalSection(ExtensibilityGlobals) = postSolution
		SolutionGuid = {1E074D90-F102-4F5F-9208-440D9340BF53}
	EndGlobalSection
EndGlobal
